<?xml version="1.0" encoding="utf-8"?>
<Project ToolsVersion="4.0" xmlns="http://schemas.microsoft.com/developer/msbuild/2003">
  <ItemGroup>
    <Filter Include="Quelldateien">
      <UniqueIdentifier>{4FC737F1-C7A5-4376-A066-2A32D752A2FF}</UniqueIdentifier>
      <Extensions>cpp;c;cc;cxx;def;odl;idl;hpj;bat;asm;asmx</Extensions>
    </Filter>
    <Filter Include="Headerdateien">
      <UniqueIdentifier>{93995380-89BD-4b04-88EB-625FBE52EBFB}</UniqueIdentifier>
      <Extensions>h;hh;hpp;hxx;hm;inl;inc;xsd</Extensions>
    </Filter>
    <Filter Include="Ressourcendateien">
      <UniqueIdentifier>{67DA6AB6-F800-4c08-8B7A-83BB121AAD01}</UniqueIdentifier>
      <Extensions>rc;ico;cur;bmp;dlg;rc2;rct;bin;rgs;gif;jpg;jpeg;jpe;resx;tiff;tif;png;wav;mfcribbon-ms</Extensions>
    </Filter>
  </ItemGroup>
  <ItemGroup>
    <ClInclude Include="core\arithmetics.hpp">
      <Filter>Headerdateien</Filter>
    </ClInclude>
    <ClInclude Include="core\Bitmap.h">
      <Filter>Headerdateien</Filter>
    </ClInclude>
    <ClInclude Include="core\Contour.h">
      <Filter>Headerdateien</Filter>
    </ClInclude>
    <ClInclude Include="core\EdgeColor.h">
      <Filter>Headerdateien</Filter>
    </ClInclude>
    <ClInclude Include="core\edge-coloring.h">
      <Filter>Headerdateien</Filter>
    </ClInclude>
    <ClInclude Include="core\EdgeHolder.h">
      <Filter>Headerdateien</Filter>
    </ClInclude>
    <ClInclude Include="core\edge-segments.h">
      <Filter>Headerdateien</Filter>
    </ClInclude>
    <ClInclude Include="core\equation-solver.h">
      <Filter>Headerdateien</Filter>
    </ClInclude>
    <ClInclude Include="core\render-sdf.h">
      <Filter>Headerdateien</Filter>
    </ClInclude>
    <ClInclude Include="core\save-bmp.h">
      <Filter>Headerdateien</Filter>
    </ClInclude>
    <ClInclude Include="core\Shape.h">
      <Filter>Headerdateien</Filter>
    </ClInclude>
    <ClInclude Include="core\shape-description.h">
      <Filter>Headerdateien</Filter>
    </ClInclude>
    <ClInclude Include="core\SignedDistance.h">
      <Filter>Headerdateien</Filter>
    </ClInclude>
    <ClInclude Include="core\Vector2.h">
      <Filter>Headerdateien</Filter>
    </ClInclude>
    <ClInclude Include="ext\import-font.h">
      <Filter>Headerdateien</Filter>
    </ClInclude>
    <ClInclude Include="ext\import-svg.h">
      <Filter>Headerdateien</Filter>
    </ClInclude>
    <ClInclude Include="ext\save-png.h">
      <Filter>Headerdateien</Filter>
    </ClInclude>
  </ItemGroup>
  <ItemGroup>
    <ClCompile Include="core\Bitmap.cpp">
      <Filter>Quelldateien</Filter>
    </ClCompile>
    <ClCompile Include="core\Contour.cpp">
      <Filter>Quelldateien</Filter>
    </ClCompile>
    <ClCompile Include="core\edge-coloring.cpp">
      <Filter>Quelldateien</Filter>
    </ClCompile>
    <ClCompile Include="core\EdgeHolder.cpp">
      <Filter>Quelldateien</Filter>
    </ClCompile>
    <ClCompile Include="core\edge-segments.cpp">
      <Filter>Quelldateien</Filter>
    </ClCompile>
    <ClCompile Include="core\equation-solver.cpp">
      <Filter>Quelldateien</Filter>
    </ClCompile>
    <ClCompile Include="core\msdfgen.cpp">
      <Filter>Quelldateien</Filter>
    </ClCompile>
    <ClCompile Include="core\render-sdf.cpp">
      <Filter>Quelldateien</Filter>
    </ClCompile>
    <ClCompile Include="core\save-bmp.cpp">
      <Filter>Quelldateien</Filter>
    </ClCompile>
    <ClCompile Include="core\Shape.cpp">
      <Filter>Quelldateien</Filter>
    </ClCompile>
    <ClCompile Include="core\shape-description.cpp">
      <Filter>Quelldateien</Filter>
    </ClCompile>
    <ClCompile Include="core\SignedDistance.cpp">
      <Filter>Quelldateien</Filter>
    </ClCompile>
    <ClCompile Include="core\Vector2.cpp">
      <Filter>Quelldateien</Filter>
    </ClCompile>
    <ClCompile Include="ext\import-font.cpp">
      <Filter>Quelldateien</Filter>
    </ClCompile>
    <ClCompile Include="ext\import-svg.cpp">
      <Filter>Quelldateien</Filter>
    </ClCompile>
    <ClCompile Include="ext\save-png.cpp">
      <Filter>Quelldateien</Filter>
    </ClCompile>
    <ClCompile Include="lib\lodepng.cpp">
      <Filter>Quelldateien</Filter>
    </ClCompile>
    <ClCompile Include="lib\tinyxml2.cpp">
      <Filter>Quelldateien</Filter>
    </ClCompile>
  </ItemGroup>
</Project>